// !$*UTF8*$!
{
	archiveVersion = 1;
	classes = {
	};
	objectVersion = 50;
	objects = {

/* Begin PBXBuildFile section */
		445F5D2422A52FB300178CC7 /* AppDelegate.swift in Sources */ = {isa = PBXBuildFile; fileRef = 445F5D2322A52FB300178CC7 /* AppDelegate.swift */; };
		445F5D2622A52FB300178CC7 /* MapViewController.swift in Sources */ = {isa = PBXBuildFile; fileRef = 445F5D2522A52FB300178CC7 /* MapViewController.swift */; };
		445F5D2B22A52FB300178CC7 /* Main.storyboard in Resources */ = {isa = PBXBuildFile; fileRef = 445F5D2922A52FB300178CC7 /* Main.storyboard */; };
		445F5D2D22A52FB900178CC7 /* Assets.xcassets in Resources */ = {isa = PBXBuildFile; fileRef = 445F5D2C22A52FB900178CC7 /* Assets.xcassets */; };
		445F5D3022A52FB900178CC7 /* LaunchScreen.storyboard in Resources */ = {isa = PBXBuildFile; fileRef = 445F5D2E22A52FB900178CC7 /* LaunchScreen.storyboard */; };
		44ABE31522A532080036AA05 /* Alamofire.framework in Frameworks */ = {isa = PBXBuildFile; fileRef = 44ABE31422A532080036AA05 /* Alamofire.framework */; };
		44ABE31F22A536120036AA05 /* APIParser.swift in Sources */ = {isa = PBXBuildFile; fileRef = 44ABE31822A536120036AA05 /* APIParser.swift */; };
		44ABE32022A536120036AA05 /* NetworkingServiceImpl.swift in Sources */ = {isa = PBXBuildFile; fileRef = 44ABE31922A536120036AA05 /* NetworkingServiceImpl.swift */; };
		44ABE32122A536120036AA05 /* NetworkingService.swift in Sources */ = {isa = PBXBuildFile; fileRef = 44ABE31A22A536120036AA05 /* NetworkingService.swift */; };
		44ABE32222A536120036AA05 /* APIRequest.swift in Sources */ = {isa = PBXBuildFile; fileRef = 44ABE31B22A536120036AA05 /* APIRequest.swift */; };
		44ABE32322A536120036AA05 /* BasicAPIRequest.swift in Sources */ = {isa = PBXBuildFile; fileRef = 44ABE31C22A536120036AA05 /* BasicAPIRequest.swift */; };
		44ABE32422A536120036AA05 /* Services.swift in Sources */ = {isa = PBXBuildFile; fileRef = 44ABE31D22A536120036AA05 /* Services.swift */; };
		44ABE32522A536120036AA05 /* ServicesBuilder.swift in Sources */ = {isa = PBXBuildFile; fileRef = 44ABE31E22A536120036AA05 /* ServicesBuilder.swift */; };
		44ABE32922A536600036AA05 /* Cancellable.swift in Sources */ = {isa = PBXBuildFile; fileRef = 44ABE32822A536600036AA05 /* Cancellable.swift */; };
		44ABE32D22A5374C0036AA05 /* Environment.swift in Sources */ = {isa = PBXBuildFile; fileRef = 44ABE32B22A5374C0036AA05 /* Environment.swift */; };
		44ABE32E22A5374C0036AA05 /* Configuration.plist in Resources */ = {isa = PBXBuildFile; fileRef = 44ABE32C22A5374C0036AA05 /* Configuration.plist */; };
		44ABE33022A537A60036AA05 /* ServicesProvider.swift in Sources */ = {isa = PBXBuildFile; fileRef = 44ABE32F22A537A60036AA05 /* ServicesProvider.swift */; };
		44ABE33622A53F8E0036AA05 /* SearchRequest.swift in Sources */ = {isa = PBXBuildFile; fileRef = 44ABE33522A53F8E0036AA05 /* SearchRequest.swift */; };
		44ABE33822A53FE20036AA05 /* SearchRequestParser.swift in Sources */ = {isa = PBXBuildFile; fileRef = 44ABE33722A53FE20036AA05 /* SearchRequestParser.swift */; };
		44ABE33B22A540610036AA05 /* MapCoordinateRect.swift in Sources */ = {isa = PBXBuildFile; fileRef = 44ABE33922A540610036AA05 /* MapCoordinateRect.swift */; };
		44ABE33C22A540610036AA05 /* MapCoordinateRect+MapKit.swift in Sources */ = {isa = PBXBuildFile; fileRef = 44ABE33A22A540610036AA05 /* MapCoordinateRect+MapKit.swift */; };
		44ABE33F22A54FB20036AA05 /* FoursquareAPIService.swift in Sources */ = {isa = PBXBuildFile; fileRef = 44ABE33E22A54FB20036AA05 /* FoursquareAPIService.swift */; };
		44ABE34222A551BE0036AA05 /* AuthenticationInfo.swift in Sources */ = {isa = PBXBuildFile; fileRef = 44ABE34122A551BE0036AA05 /* AuthenticationInfo.swift */; };
		44ABE34522A552180036AA05 /* Credentials.swift in Sources */ = {isa = PBXBuildFile; fileRef = 44ABE34422A552180036AA05 /* Credentials.swift */; };
		44ABE34722A553930036AA05 /* APIRequestInterceptor.swift in Sources */ = {isa = PBXBuildFile; fileRef = 44ABE34622A553930036AA05 /* APIRequestInterceptor.swift */; };
		44ABE34922A556620036AA05 /* FoursquareAuthenticationInterceptor.swift in Sources */ = {isa = PBXBuildFile; fileRef = 44ABE34822A556620036AA05 /* FoursquareAuthenticationInterceptor.swift */; };
		44ABE34B22A55C1D0036AA05 /* DefaultAPIParser.swift in Sources */ = {isa = PBXBuildFile; fileRef = 44ABE34A22A55C1D0036AA05 /* DefaultAPIParser.swift */; };
/* End PBXBuildFile section */

/* Begin PBXFileReference section */
		445F5D2022A52FB300178CC7 /* ForsquareLite.app */ = {isa = PBXFileReference; explicitFileType = wrapper.application; includeInIndex = 0; path = ForsquareLite.app; sourceTree = BUILT_PRODUCTS_DIR; };
		445F5D2322A52FB300178CC7 /* AppDelegate.swift */ = {isa = PBXFileReference; lastKnownFileType = sourcecode.swift; path = AppDelegate.swift; sourceTree = "<group>"; };
		445F5D2522A52FB300178CC7 /* MapViewController.swift */ = {isa = PBXFileReference; lastKnownFileType = sourcecode.swift; path = MapViewController.swift; sourceTree = "<group>"; };
		445F5D2A22A52FB300178CC7 /* Base */ = {isa = PBXFileReference; lastKnownFileType = file.storyboard; name = Base; path = Base.lproj/Main.storyboard; sourceTree = "<group>"; };
		445F5D2C22A52FB900178CC7 /* Assets.xcassets */ = {isa = PBXFileReference; lastKnownFileType = folder.assetcatalog; path = Assets.xcassets; sourceTree = "<group>"; };
		445F5D2F22A52FB900178CC7 /* Base */ = {isa = PBXFileReference; lastKnownFileType = file.storyboard; name = Base; path = Base.lproj/LaunchScreen.storyboard; sourceTree = "<group>"; };
		445F5D3122A52FB900178CC7 /* Info.plist */ = {isa = PBXFileReference; lastKnownFileType = text.plist.xml; path = Info.plist; sourceTree = "<group>"; };
		44ABE31422A532080036AA05 /* Alamofire.framework */ = {isa = PBXFileReference; lastKnownFileType = wrapper.framework; name = Alamofire.framework; path = Carthage/Build/iOS/Alamofire.framework; sourceTree = "<group>"; };
		44ABE31822A536120036AA05 /* APIParser.swift */ = {isa = PBXFileReference; fileEncoding = 4; lastKnownFileType = sourcecode.swift; path = APIParser.swift; sourceTree = "<group>"; };
		44ABE31922A536120036AA05 /* NetworkingServiceImpl.swift */ = {isa = PBXFileReference; fileEncoding = 4; lastKnownFileType = sourcecode.swift; path = NetworkingServiceImpl.swift; sourceTree = "<group>"; };
		44ABE31A22A536120036AA05 /* NetworkingService.swift */ = {isa = PBXFileReference; fileEncoding = 4; lastKnownFileType = sourcecode.swift; path = NetworkingService.swift; sourceTree = "<group>"; };
		44ABE31B22A536120036AA05 /* APIRequest.swift */ = {isa = PBXFileReference; fileEncoding = 4; lastKnownFileType = sourcecode.swift; path = APIRequest.swift; sourceTree = "<group>"; };
		44ABE31C22A536120036AA05 /* BasicAPIRequest.swift */ = {isa = PBXFileReference; fileEncoding = 4; lastKnownFileType = sourcecode.swift; path = BasicAPIRequest.swift; sourceTree = "<group>"; };
		44ABE31D22A536120036AA05 /* Services.swift */ = {isa = PBXFileReference; fileEncoding = 4; lastKnownFileType = sourcecode.swift; path = Services.swift; sourceTree = "<group>"; };
		44ABE31E22A536120036AA05 /* ServicesBuilder.swift */ = {isa = PBXFileReference; fileEncoding = 4; lastKnownFileType = sourcecode.swift; path = ServicesBuilder.swift; sourceTree = "<group>"; };
		44ABE32822A536600036AA05 /* Cancellable.swift */ = {isa = PBXFileReference; fileEncoding = 4; lastKnownFileType = sourcecode.swift; path = Cancellable.swift; sourceTree = "<group>"; };
		44ABE32B22A5374C0036AA05 /* Environment.swift */ = {isa = PBXFileReference; fileEncoding = 4; lastKnownFileType = sourcecode.swift; path = Environment.swift; sourceTree = "<group>"; };
		44ABE32C22A5374C0036AA05 /* Configuration.plist */ = {isa = PBXFileReference; fileEncoding = 4; lastKnownFileType = text.plist.xml; path = Configuration.plist; sourceTree = "<group>"; };
		44ABE32F22A537A60036AA05 /* ServicesProvider.swift */ = {isa = PBXFileReference; lastKnownFileType = sourcecode.swift; path = ServicesProvider.swift; sourceTree = "<group>"; };
		44ABE33522A53F8E0036AA05 /* SearchRequest.swift */ = {isa = PBXFileReference; lastKnownFileType = sourcecode.swift; path = SearchRequest.swift; sourceTree = "<group>"; };
		44ABE33722A53FE20036AA05 /* SearchRequestParser.swift */ = {isa = PBXFileReference; lastKnownFileType = sourcecode.swift; path = SearchRequestParser.swift; sourceTree = "<group>"; };
		44ABE33922A540610036AA05 /* MapCoordinateRect.swift */ = {isa = PBXFileReference; fileEncoding = 4; lastKnownFileType = sourcecode.swift; path = MapCoordinateRect.swift; sourceTree = "<group>"; };
		44ABE33A22A540610036AA05 /* MapCoordinateRect+MapKit.swift */ = {isa = PBXFileReference; fileEncoding = 4; lastKnownFileType = sourcecode.swift; path = "MapCoordinateRect+MapKit.swift"; sourceTree = "<group>"; };
		44ABE33E22A54FB20036AA05 /* FoursquareAPIService.swift */ = {isa = PBXFileReference; lastKnownFileType = sourcecode.swift; path = FoursquareAPIService.swift; sourceTree = "<group>"; };
		44ABE34122A551BE0036AA05 /* AuthenticationInfo.swift */ = {isa = PBXFileReference; lastKnownFileType = sourcecode.swift; path = AuthenticationInfo.swift; sourceTree = "<group>"; };
		44ABE34422A552180036AA05 /* Credentials.swift */ = {isa = PBXFileReference; lastKnownFileType = sourcecode.swift; path = Credentials.swift; sourceTree = "<group>"; };
		44ABE34622A553930036AA05 /* APIRequestInterceptor.swift */ = {isa = PBXFileReference; lastKnownFileType = sourcecode.swift; path = APIRequestInterceptor.swift; sourceTree = "<group>"; };
		44ABE34822A556620036AA05 /* FoursquareAuthenticationInterceptor.swift */ = {isa = PBXFileReference; lastKnownFileType = sourcecode.swift; path = FoursquareAuthenticationInterceptor.swift; sourceTree = "<group>"; };
		44ABE34A22A55C1D0036AA05 /* DefaultAPIParser.swift */ = {isa = PBXFileReference; lastKnownFileType = sourcecode.swift; path = DefaultAPIParser.swift; sourceTree = "<group>"; };
/* End PBXFileReference section */

/* Begin PBXFrameworksBuildPhase section */
		445F5D1D22A52FB300178CC7 /* Frameworks */ = {
			isa = PBXFrameworksBuildPhase;
			buildActionMask = 2147483647;
			files = (
				44ABE31522A532080036AA05 /* Alamofire.framework in Frameworks */,
			);
			runOnlyForDeploymentPostprocessing = 0;
		};
/* End PBXFrameworksBuildPhase section */

/* Begin PBXGroup section */
		445F5D1722A52FB300178CC7 = {
			isa = PBXGroup;
			children = (
				445F5D2222A52FB300178CC7 /* ForsquareLite */,
				445F5D2122A52FB300178CC7 /* Products */,
				44ABE31322A532070036AA05 /* Frameworks */,
			);
			sourceTree = "<group>";
		};
		445F5D2122A52FB300178CC7 /* Products */ = {
			isa = PBXGroup;
			children = (
				445F5D2022A52FB300178CC7 /* ForsquareLite.app */,
			);
			name = Products;
			sourceTree = "<group>";
		};
		445F5D2222A52FB300178CC7 /* ForsquareLite */ = {
			isa = PBXGroup;
			children = (
				44ABE32A22A5374C0036AA05 /* Configuration */,
				445F5D2322A52FB300178CC7 /* AppDelegate.swift */,
				44ABE33122A538740036AA05 /* UI */,
				44ABE32622A536330036AA05 /* Common */,
				44ABE33422A53F710036AA05 /* Parsers */,
				44ABE33322A53F680036AA05 /* Requests */,
				44ABE31622A535D30036AA05 /* Services */,
				445F5D2922A52FB300178CC7 /* Main.storyboard */,
				445F5D2C22A52FB900178CC7 /* Assets.xcassets */,
				445F5D2E22A52FB900178CC7 /* LaunchScreen.storyboard */,
				445F5D3122A52FB900178CC7 /* Info.plist */,
			);
			path = ForsquareLite;
			sourceTree = "<group>";
		};
		44ABE31322A532070036AA05 /* Frameworks */ = {
			isa = PBXGroup;
			children = (
				44ABE31422A532080036AA05 /* Alamofire.framework */,
			);
			name = Frameworks;
			sourceTree = "<group>";
		};
		44ABE31622A535D30036AA05 /* Services */ = {
			isa = PBXGroup;
			children = (
				44ABE32F22A537A60036AA05 /* ServicesProvider.swift */,
				44ABE31D22A536120036AA05 /* Services.swift */,
				44ABE31E22A536120036AA05 /* ServicesBuilder.swift */,
				44ABE33D22A54F990036AA05 /* API */,
				44ABE31722A536120036AA05 /* Networking */,
			);
			path = Services;
			sourceTree = "<group>";
		};
		44ABE31722A536120036AA05 /* Networking */ = {
			isa = PBXGroup;
			children = (
				44ABE31822A536120036AA05 /* APIParser.swift */,
				44ABE34A22A55C1D0036AA05 /* DefaultAPIParser.swift */,
				44ABE31922A536120036AA05 /* NetworkingServiceImpl.swift */,
				44ABE31A22A536120036AA05 /* NetworkingService.swift */,
				44ABE31B22A536120036AA05 /* APIRequest.swift */,
				44ABE31C22A536120036AA05 /* BasicAPIRequest.swift */,
			);
			path = Networking;
			sourceTree = "<group>";
		};
		44ABE32622A536330036AA05 /* Common */ = {
			isa = PBXGroup;
			children = (
				44ABE32722A536460036AA05 /* Foundation */,
			);
			path = Common;
			sourceTree = "<group>";
		};
		44ABE32722A536460036AA05 /* Foundation */ = {
			isa = PBXGroup;
			children = (
				44ABE34322A551DD0036AA05 /* Authentication */,
				44ABE33922A540610036AA05 /* MapCoordinateRect.swift */,
				44ABE33A22A540610036AA05 /* MapCoordinateRect+MapKit.swift */,
				44ABE32822A536600036AA05 /* Cancellable.swift */,
			);
			path = Foundation;
			sourceTree = "<group>";
		};
		44ABE32A22A5374C0036AA05 /* Configuration */ = {
			isa = PBXGroup;
			children = (
				44ABE32B22A5374C0036AA05 /* Environment.swift */,
				44ABE32C22A5374C0036AA05 /* Configuration.plist */,
			);
			path = Configuration;
			sourceTree = "<group>";
		};
		44ABE33122A538740036AA05 /* UI */ = {
			isa = PBXGroup;
			children = (
				44ABE33222A538810036AA05 /* ViewControllers */,
			);
			path = UI;
			sourceTree = "<group>";
		};
		44ABE33222A538810036AA05 /* ViewControllers */ = {
			isa = PBXGroup;
			children = (
				445F5D2522A52FB300178CC7 /* MapViewController.swift */,
			);
			path = ViewControllers;
			sourceTree = "<group>";
		};
		44ABE33322A53F680036AA05 /* Requests */ = {
			isa = PBXGroup;
			children = (
				44ABE33522A53F8E0036AA05 /* SearchRequest.swift */,
			);
			path = Requests;
			sourceTree = "<group>";
		};
		44ABE33422A53F710036AA05 /* Parsers */ = {
			isa = PBXGroup;
			children = (
				44ABE33722A53FE20036AA05 /* SearchRequestParser.swift */,
			);
			path = Parsers;
			sourceTree = "<group>";
		};
		44ABE33D22A54F990036AA05 /* API */ = {
			isa = PBXGroup;
			children = (
				44ABE33E22A54FB20036AA05 /* FoursquareAPIService.swift */,
				44ABE34022A551690036AA05 /* Interceptors */,
			);
			path = API;
			sourceTree = "<group>";
		};
		44ABE34022A551690036AA05 /* Interceptors */ = {
			isa = PBXGroup;
			children = (
				44ABE34622A553930036AA05 /* APIRequestInterceptor.swift */,
				44ABE34822A556620036AA05 /* FoursquareAuthenticationInterceptor.swift */,
			);
			path = Interceptors;
			sourceTree = "<group>";
		};
		44ABE34322A551DD0036AA05 /* Authentication */ = {
			isa = PBXGroup;
			children = (
				44ABE34122A551BE0036AA05 /* AuthenticationInfo.swift */,
				44ABE34422A552180036AA05 /* Credentials.swift */,
			);
			path = Authentication;
			sourceTree = "<group>";
		};
/* End PBXGroup section */

/* Begin PBXNativeTarget section */
		445F5D1F22A52FB300178CC7 /* ForsquareLite */ = {
			isa = PBXNativeTarget;
			buildConfigurationList = 445F5D3422A52FB900178CC7 /* Build configuration list for PBXNativeTarget "ForsquareLite" */;
			buildPhases = (
				445F5D1C22A52FB300178CC7 /* Sources */,
				445F5D1D22A52FB300178CC7 /* Frameworks */,
				445F5D1E22A52FB300178CC7 /* Resources */,
				44ABE31222A531690036AA05 /* Copy Carthage Frameworks */,
			);
			buildRules = (
			);
			dependencies = (
			);
			name = ForsquareLite;
			productName = ForsquareLite;
			productReference = 445F5D2022A52FB300178CC7 /* ForsquareLite.app */;
			productType = "com.apple.product-type.application";
		};
/* End PBXNativeTarget section */

/* Begin PBXProject section */
		445F5D1822A52FB300178CC7 /* Project object */ = {
			isa = PBXProject;
			attributes = {
				LastSwiftUpdateCheck = 1020;
				LastUpgradeCheck = 1020;
				ORGANIZATIONNAME = "Eugene Belyakov";
				TargetAttributes = {
					445F5D1F22A52FB300178CC7 = {
						CreatedOnToolsVersion = 10.2.1;
					};
				};
			};
			buildConfigurationList = 445F5D1B22A52FB300178CC7 /* Build configuration list for PBXProject "ForsquareLite" */;
			compatibilityVersion = "Xcode 9.3";
			developmentRegion = en;
			hasScannedForEncodings = 0;
			knownRegions = (
				en,
				Base,
			);
			mainGroup = 445F5D1722A52FB300178CC7;
			productRefGroup = 445F5D2122A52FB300178CC7 /* Products */;
			projectDirPath = "";
			projectRoot = "";
			targets = (
				445F5D1F22A52FB300178CC7 /* ForsquareLite */,
			);
		};
/* End PBXProject section */

/* Begin PBXResourcesBuildPhase section */
		445F5D1E22A52FB300178CC7 /* Resources */ = {
			isa = PBXResourcesBuildPhase;
			buildActionMask = 2147483647;
			files = (
				445F5D3022A52FB900178CC7 /* LaunchScreen.storyboard in Resources */,
				44ABE32E22A5374C0036AA05 /* Configuration.plist in Resources */,
				445F5D2D22A52FB900178CC7 /* Assets.xcassets in Resources */,
				445F5D2B22A52FB300178CC7 /* Main.storyboard in Resources */,
			);
			runOnlyForDeploymentPostprocessing = 0;
		};
/* End PBXResourcesBuildPhase section */

/* Begin PBXShellScriptBuildPhase section */
		44ABE31222A531690036AA05 /* Copy Carthage Frameworks */ = {
			isa = PBXShellScriptBuildPhase;
			buildActionMask = 2147483647;
			files = (
			);
			inputFileListPaths = (
			);
			inputPaths = (
				"$(SRCROOT)/Carthage/Build/iOS/Alamofire.framework",
			);
			name = "Copy Carthage Frameworks";
			outputFileListPaths = (
			);
			outputPaths = (
				"$(BUILT_PRODUCTS_DIR)/$(FRAMEWORKS_FOLDER_PATH)/Alamofire.framework",
			);
			runOnlyForDeploymentPostprocessing = 0;
			shellPath = /bin/sh;
			shellScript = "/usr/local/bin/carthage copy-frameworks\n";
		};
/* End PBXShellScriptBuildPhase section */

/* Begin PBXSourcesBuildPhase section */
		445F5D1C22A52FB300178CC7 /* Sources */ = {
			isa = PBXSourcesBuildPhase;
			buildActionMask = 2147483647;
			files = (
				44ABE32922A536600036AA05 /* Cancellable.swift in Sources */,
				44ABE33B22A540610036AA05 /* MapCoordinateRect.swift in Sources */,
				44ABE32322A536120036AA05 /* BasicAPIRequest.swift in Sources */,
				44ABE32122A536120036AA05 /* NetworkingService.swift in Sources */,
				445F5D2622A52FB300178CC7 /* MapViewController.swift in Sources */,
				44ABE33F22A54FB20036AA05 /* FoursquareAPIService.swift in Sources */,
				44ABE33622A53F8E0036AA05 /* SearchRequest.swift in Sources */,
				44ABE34B22A55C1D0036AA05 /* DefaultAPIParser.swift in Sources */,
				44ABE34922A556620036AA05 /* FoursquareAuthenticationInterceptor.swift in Sources */,
				44ABE33022A537A60036AA05 /* ServicesProvider.swift in Sources */,
				44ABE32022A536120036AA05 /* NetworkingServiceImpl.swift in Sources */,
				44ABE31F22A536120036AA05 /* APIParser.swift in Sources */,
				44ABE32422A536120036AA05 /* Services.swift in Sources */,
				44ABE32D22A5374C0036AA05 /* Environment.swift in Sources */,
				44ABE34722A553930036AA05 /* APIRequestInterceptor.swift in Sources */,
				44ABE33822A53FE20036AA05 /* SearchRequestParser.swift in Sources */,
				44ABE34522A552180036AA05 /* Credentials.swift in Sources */,
				44ABE32522A536120036AA05 /* ServicesBuilder.swift in Sources */,
				44ABE32222A536120036AA05 /* APIRequest.swift in Sources */,
				44ABE33C22A540610036AA05 /* MapCoordinateRect+MapKit.swift in Sources */,
				445F5D2422A52FB300178CC7 /* AppDelegate.swift in Sources */,
				44ABE34222A551BE0036AA05 /* AuthenticationInfo.swift in Sources */,
			);
			runOnlyForDeploymentPostprocessing = 0;
		};
/* End PBXSourcesBuildPhase section */

/* Begin PBXVariantGroup section */
		445F5D2922A52FB300178CC7 /* Main.storyboard */ = {
			isa = PBXVariantGroup;
			children = (
				445F5D2A22A52FB300178CC7 /* Base */,
			);
			name = Main.storyboard;
			sourceTree = "<group>";
		};
		445F5D2E22A52FB900178CC7 /* LaunchScreen.storyboard */ = {
			isa = PBXVariantGroup;
			children = (
				445F5D2F22A52FB900178CC7 /* Base */,
			);
			name = LaunchScreen.storyboard;
			sourceTree = "<group>";
		};
/* End PBXVariantGroup section */

/* Begin XCBuildConfiguration section */
		445F5D3222A52FB900178CC7 /* Debug */ = {
			isa = XCBuildConfiguration;
			buildSettings = {
				ALWAYS_SEARCH_USER_PATHS = NO;
				CLANG_ANALYZER_NONNULL = YES;
				CLANG_ANALYZER_NUMBER_OBJECT_CONVERSION = YES_AGGRESSIVE;
				CLANG_CXX_LANGUAGE_STANDARD = "gnu++14";
				CLANG_CXX_LIBRARY = "libc++";
				CLANG_ENABLE_MODULES = YES;
				CLANG_ENABLE_OBJC_ARC = YES;
				CLANG_ENABLE_OBJC_WEAK = YES;
				CLANG_WARN_BLOCK_CAPTURE_AUTORELEASING = YES;
				CLANG_WARN_BOOL_CONVERSION = YES;
				CLANG_WARN_COMMA = YES;
				CLANG_WARN_CONSTANT_CONVERSION = YES;
				CLANG_WARN_DEPRECATED_OBJC_IMPLEMENTATIONS = YES;
				CLANG_WARN_DIRECT_OBJC_ISA_USAGE = YES_ERROR;
				CLANG_WARN_DOCUMENTATION_COMMENTS = YES;
				CLANG_WARN_EMPTY_BODY = YES;
				CLANG_WARN_ENUM_CONVERSION = YES;
				CLANG_WARN_INFINITE_RECURSION = YES;
				CLANG_WARN_INT_CONVERSION = YES;
				CLANG_WARN_NON_LITERAL_NULL_CONVERSION = YES;
				CLANG_WARN_OBJC_IMPLICIT_RETAIN_SELF = YES;
				CLANG_WARN_OBJC_LITERAL_CONVERSION = YES;
				CLANG_WARN_OBJC_ROOT_CLASS = YES_ERROR;
				CLANG_WARN_RANGE_LOOP_ANALYSIS = YES;
				CLANG_WARN_STRICT_PROTOTYPES = YES;
				CLANG_WARN_SUSPICIOUS_MOVE = YES;
				CLANG_WARN_UNGUARDED_AVAILABILITY = YES_AGGRESSIVE;
				CLANG_WARN_UNREACHABLE_CODE = YES;
				CLANG_WARN__DUPLICATE_METHOD_MATCH = YES;
				CODE_SIGN_IDENTITY = "iPhone Developer";
				COPY_PHASE_STRIP = NO;
				DEBUG_INFORMATION_FORMAT = dwarf;
				ENABLE_STRICT_OBJC_MSGSEND = YES;
				ENABLE_TESTABILITY = YES;
				GCC_C_LANGUAGE_STANDARD = gnu11;
				GCC_DYNAMIC_NO_PIC = NO;
				GCC_NO_COMMON_BLOCKS = YES;
				GCC_OPTIMIZATION_LEVEL = 0;
				GCC_PREPROCESSOR_DEFINITIONS = (
					"DEBUG=1",
					"$(inherited)",
				);
				GCC_WARN_64_TO_32_BIT_CONVERSION = YES;
				GCC_WARN_ABOUT_RETURN_TYPE = YES_ERROR;
				GCC_WARN_UNDECLARED_SELECTOR = YES;
				GCC_WARN_UNINITIALIZED_AUTOS = YES_AGGRESSIVE;
				GCC_WARN_UNUSED_FUNCTION = YES;
				GCC_WARN_UNUSED_VARIABLE = YES;
				IPHONEOS_DEPLOYMENT_TARGET = 12.2;
				MTL_ENABLE_DEBUG_INFO = INCLUDE_SOURCE;
				MTL_FAST_MATH = YES;
				ONLY_ACTIVE_ARCH = YES;
				SDKROOT = iphoneos;
				SWIFT_ACTIVE_COMPILATION_CONDITIONS = DEBUG;
				SWIFT_OPTIMIZATION_LEVEL = "-Onone";
			};
			name = Debug;
		};
		445F5D3322A52FB900178CC7 /* Release */ = {
			isa = XCBuildConfiguration;
			buildSettings = {
				ALWAYS_SEARCH_USER_PATHS = NO;
				CLANG_ANALYZER_NONNULL = YES;
				CLANG_ANALYZER_NUMBER_OBJECT_CONVERSION = YES_AGGRESSIVE;
				CLANG_CXX_LANGUAGE_STANDARD = "gnu++14";
				CLANG_CXX_LIBRARY = "libc++";
				CLANG_ENABLE_MODULES = YES;
				CLANG_ENABLE_OBJC_ARC = YES;
				CLANG_ENABLE_OBJC_WEAK = YES;
				CLANG_WARN_BLOCK_CAPTURE_AUTORELEASING = YES;
				CLANG_WARN_BOOL_CONVERSION = YES;
				CLANG_WARN_COMMA = YES;
				CLANG_WARN_CONSTANT_CONVERSION = YES;
				CLANG_WARN_DEPRECATED_OBJC_IMPLEMENTATIONS = YES;
				CLANG_WARN_DIRECT_OBJC_ISA_USAGE = YES_ERROR;
				CLANG_WARN_DOCUMENTATION_COMMENTS = YES;
				CLANG_WARN_EMPTY_BODY = YES;
				CLANG_WARN_ENUM_CONVERSION = YES;
				CLANG_WARN_INFINITE_RECURSION = YES;
				CLANG_WARN_INT_CONVERSION = YES;
				CLANG_WARN_NON_LITERAL_NULL_CONVERSION = YES;
				CLANG_WARN_OBJC_IMPLICIT_RETAIN_SELF = YES;
				CLANG_WARN_OBJC_LITERAL_CONVERSION = YES;
				CLANG_WARN_OBJC_ROOT_CLASS = YES_ERROR;
				CLANG_WARN_RANGE_LOOP_ANALYSIS = YES;
				CLANG_WARN_STRICT_PROTOTYPES = YES;
				CLANG_WARN_SUSPICIOUS_MOVE = YES;
				CLANG_WARN_UNGUARDED_AVAILABILITY = YES_AGGRESSIVE;
				CLANG_WARN_UNREACHABLE_CODE = YES;
				CLANG_WARN__DUPLICATE_METHOD_MATCH = YES;
				CODE_SIGN_IDENTITY = "iPhone Developer";
				COPY_PHASE_STRIP = NO;
				DEBUG_INFORMATION_FORMAT = "dwarf-with-dsym";
				ENABLE_NS_ASSERTIONS = NO;
				ENABLE_STRICT_OBJC_MSGSEND = YES;
				GCC_C_LANGUAGE_STANDARD = gnu11;
				GCC_NO_COMMON_BLOCKS = YES;
				GCC_WARN_64_TO_32_BIT_CONVERSION = YES;
				GCC_WARN_ABOUT_RETURN_TYPE = YES_ERROR;
				GCC_WARN_UNDECLARED_SELECTOR = YES;
				GCC_WARN_UNINITIALIZED_AUTOS = YES_AGGRESSIVE;
				GCC_WARN_UNUSED_FUNCTION = YES;
				GCC_WARN_UNUSED_VARIABLE = YES;
				IPHONEOS_DEPLOYMENT_TARGET = 12.2;
				MTL_ENABLE_DEBUG_INFO = NO;
				MTL_FAST_MATH = YES;
				SDKROOT = iphoneos;
				SWIFT_COMPILATION_MODE = wholemodule;
				SWIFT_OPTIMIZATION_LEVEL = "-O";
				VALIDATE_PRODUCT = YES;
			};
			name = Release;
		};
		445F5D3522A52FB900178CC7 /* Debug */ = {
			isa = XCBuildConfiguration;
			buildSettings = {
				ASSETCATALOG_COMPILER_APPICON_NAME = AppIcon;
				CODE_SIGN_STYLE = Automatic;
				FRAMEWORK_SEARCH_PATHS = (
					"$(inherited)",
					"$(PROJECT_DIR)/Carthage/Build/iOS",
				);
				INFOPLIST_FILE = ForsquareLite/Info.plist;
				LD_RUNPATH_SEARCH_PATHS = (
					"$(inherited)",
					"@executable_path/Frameworks",
				);
				PRODUCT_BUNDLE_IDENTIFIER = Home.ForsquareLite;
				PRODUCT_NAME = "$(TARGET_NAME)";
				SWIFT_VERSION = 5.0;
				TARGETED_DEVICE_FAMILY = "1,2";
			};
			name = Debug;
		};
		445F5D3622A52FB900178CC7 /* Release */ = {
			isa = XCBuildConfiguration;
			buildSettings = {
				ASSETCATALOG_COMPILER_APPICON_NAME = AppIcon;
				CODE_SIGN_STYLE = Automatic;
				FRAMEWORK_SEARCH_PATHS = (
					"$(inherited)",
					"$(PROJECT_DIR)/Carthage/Build/iOS",
				);
				INFOPLIST_FILE = ForsquareLite/Info.plist;
				LD_RUNPATH_SEARCH_PATHS = (
					"$(inherited)",
					"@executable_path/Frameworks",
				);
				PRODUCT_BUNDLE_IDENTIFIER = Home.ForsquareLite;
				PRODUCT_NAME = "$(TARGET_NAME)";
				SWIFT_VERSION = 5.0;
				TARGETED_DEVICE_FAMILY = "1,2";
			};
			name = Release;
		};
/* End XCBuildConfiguration section */

/* Begin XCConfigurationList section */
		445F5D1B22A52FB300178CC7 /* Build configuration list for PBXProject "ForsquareLite" */ = {
			isa = XCConfigurationList;
			buildConfigurations = (
				445F5D3222A52FB900178CC7 /* Debug */,
				445F5D3322A52FB900178CC7 /* Release */,
			);
			defaultConfigurationIsVisible = 0;
			defaultConfigurationName = Release;
		};
		445F5D3422A52FB900178CC7 /* Build configuration list for PBXNativeTarget "ForsquareLite" */ = {
			isa = XCConfigurationList;
			buildConfigurations = (
				445F5D3522A52FB900178CC7 /* Debug */,
				445F5D3622A52FB900178CC7 /* Release */,
			);
			defaultConfigurationIsVisible = 0;
			defaultConfigurationName = Release;
		};
/* End XCConfigurationList section */
	};
	rootObject = 445F5D1822A52FB300178CC7 /* Project object */;
}
